
Microsoft Visual Studio Solution File, Format Version 12.00
# Visual Studio Version 17
VisualStudioVersion = 17.9.34616.47
MinimumVisualStudioVersion = 10.0.40219.1
Project("{FAE04EC0-301F-11D3-BF4B-00C04F79EFBC}") = "WebNutricion", "WebNutricion\WebNutricion.csproj", "{4C3E6E21-E2FD-4619-B66C-786B765FBC15}"
EndProject
Global
	GlobalSection(SolutionConfigurationPlatforms) = preSolution
		Debug|Any CPU = Debug|Any CPU
		Release|Any CPU = Release|Any CPU
	EndGlobalSection
	GlobalSection(ProjectConfigurationPlatforms) = postSolution
		{4C3E6E21-E2FD-4619-B66C-786B765FBC15}.Debug|Any CPU.ActiveCfg = Debug|Any CPU
		{4C3E6E21-E2FD-4619-B66C-786B765FBC15}.Debug|Any CPU.Build.0 = Debug|Any CPU
		{4C3E6E21-E2FD-4619-B66C-786B765FBC15}.Release|Any CPU.ActiveCfg = Release|Any CPU
		{4C3E6E21-E2FD-4619-B66C-786B765FBC15}.Release|Any CPU.Build.0 = Release|Any CPU
	EndGlobalSection
	GlobalSection(SolutionProperties) = preSolution
		HideSolutionNode = FALSE
	EndGlobalSection
	GlobalSection(ExtensibilityGlobals) = postSolution
		SolutionGuid = {8DEEEF81-0819-4219-BB4D-6FC15BC7F0FD}
	EndGlobalSection
EndGlobal
